
Microsoft Visual Studio Solution File, Format Version 12.00
# Visual Studio Version 17
VisualStudioVersion = 17.0.31903.59
MinimumVisualStudioVersion = 10.0.40219.1
Project("{2150E333-8FDC-42A3-9474-1A3956D46DE8}") = "src", "src", "{827E0CD3-B72D-47B6-A68D-7590B98EB39B}"
EndProject
Project("{FAE04EC0-301F-11D3-BF4B-00C04F79EFBC}") = "Yijing.Domain", "src\Yijing.Domain\Yijing.Domain.csproj", "{830452BA-79FB-491E-BA76-B11E046F2FF8}"
EndProject
Project("{FAE04EC0-301F-11D3-BF4B-00C04F79EFBC}") = "Yijing.Application", "src\Yijing.Application\Yijing.Application.csproj", "{7D468F52-34BB-4EF4-A0E2-4E4E29A89ECB}"
EndProject
Project("{FAE04EC0-301F-11D3-BF4B-00C04F79EFBC}") = "Yijing.Infrastructure", "src\Yijing.Infrastructure\Yijing.Infrastructure.csproj", "{5DF87787-E775-48C7-80F6-B5477CB10199}"
EndProject
Project("{FAE04EC0-301F-11D3-BF4B-00C04F79EFBC}") = "Yijing.Desktop", "src\Yijing.Desktop\Yijing.Desktop.csproj", "{0383CDBC-827A-43ED-90EC-CC73E6F901AE}"
EndProject
Project("{2150E333-8FDC-42A3-9474-1A3956D46DE8}") = "tests", "tests", "{0AB3BF05-4346-4AA6-1389-037BE0695223}"
EndProject
Project("{FAE04EC0-301F-11D3-BF4B-00C04F79EFBC}") = "Yijing.Domain.Tests", "tests\Yijing.Domain.Tests\Yijing.Domain.Tests.csproj", "{6019EBFE-FAAA-42E9-90A0-E2EFCDD18438}"
EndProject
Project("{FAE04EC0-301F-11D3-BF4B-00C04F79EFBC}") = "Yijing.Application.Tests", "tests\Yijing.Application.Tests\Yijing.Application.Tests.csproj", "{0699CD6D-185C-424B-80BF-5629EB1ED233}"
EndProject
Project("{FAE04EC0-301F-11D3-BF4B-00C04F79EFBC}") = "Yijing.Infrastructure.Tests", "tests\Yijing.Infrastructure.Tests\Yijing.Infrastructure.Tests.csproj", "{432FDDA0-2F6B-4EB9-8F97-03E7CD296DE4}"
EndProject
Project("{FAE04EC0-301F-11D3-BF4B-00C04F79EFBC}") = "Yijing.Desktop.Tests", "tests\Yijing.Desktop.Tests\Yijing.Desktop.Tests.csproj", "{A76E7095-9088-480E-93F7-BFAFBABECF2F}"
EndProject
Project("{2150E333-8FDC-42A3-9474-1A3956D46DE8}") = "tools", "tools", "{07C2787E-EAC7-C090-1BA3-A61EC2A24D84}"
EndProject
Project("{FAE04EC0-301F-11D3-BF4B-00C04F79EFBC}") = "FakeKataGo", "tools\FakeKataGo\FakeKataGo.csproj", "{7E49A166-59CA-4536-B4A2-EAD10D08E8C2}"
EndProject
Global
	GlobalSection(SolutionConfigurationPlatforms) = preSolution
		Debug|Any CPU = Debug|Any CPU
		Debug|x64 = Debug|x64
		Debug|x86 = Debug|x86
		Release|Any CPU = Release|Any CPU
		Release|x64 = Release|x64
		Release|x86 = Release|x86
	EndGlobalSection
	GlobalSection(ProjectConfigurationPlatforms) = postSolution
		{830452BA-79FB-491E-BA76-B11E046F2FF8}.Debug|Any CPU.ActiveCfg = Debug|Any CPU
		{830452BA-79FB-491E-BA76-B11E046F2FF8}.Debug|Any CPU.Build.0 = Debug|Any CPU
		{830452BA-79FB-491E-BA76-B11E046F2FF8}.Debug|x64.ActiveCfg = Debug|Any CPU
		{830452BA-79FB-491E-BA76-B11E046F2FF8}.Debug|x64.Build.0 = Debug|Any CPU
		{830452BA-79FB-491E-BA76-B11E046F2FF8}.Debug|x86.ActiveCfg = Debug|Any CPU
		{830452BA-79FB-491E-BA76-B11E046F2FF8}.Debug|x86.Build.0 = Debug|Any CPU
		{830452BA-79FB-491E-BA76-B11E046F2FF8}.Release|Any CPU.ActiveCfg = Release|Any CPU
		{830452BA-79FB-491E-BA76-B11E046F2FF8}.Release|Any CPU.Build.0 = Release|Any CPU
		{830452BA-79FB-491E-BA76-B11E046F2FF8}.Release|x64.ActiveCfg = Release|Any CPU
		{830452BA-79FB-491E-BA76-B11E046F2FF8}.Release|x64.Build.0 = Release|Any CPU
		{830452BA-79FB-491E-BA76-B11E046F2FF8}.Release|x86.ActiveCfg = Release|Any CPU
		{830452BA-79FB-491E-BA76-B11E046F2FF8}.Release|x86.Build.0 = Release|Any CPU
		{7D468F52-34BB-4EF4-A0E2-4E4E29A89ECB}.Debug|Any CPU.ActiveCfg = Debug|Any CPU
		{7D468F52-34BB-4EF4-A0E2-4E4E29A89ECB}.Debug|Any CPU.Build.0 = Debug|Any CPU
		{7D468F52-34BB-4EF4-A0E2-4E4E29A89ECB}.Debug|x64.ActiveCfg = Debug|Any CPU
		{7D468F52-34BB-4EF4-A0E2-4E4E29A89ECB}.Debug|x64.Build.0 = Debug|Any CPU
		{7D468F52-34BB-4EF4-A0E2-4E4E29A89ECB}.Debug|x86.ActiveCfg = Debug|Any CPU
		{7D468F52-34BB-4EF4-A0E2-4E4E29A89ECB}.Debug|x86.Build.0 = Debug|Any CPU
		{7D468F52-34BB-4EF4-A0E2-4E4E29A89ECB}.Release|Any CPU.ActiveCfg = Release|Any CPU
		{7D468F52-34BB-4EF4-A0E2-4E4E29A89ECB}.Release|Any CPU.Build.0 = Release|Any CPU
		{7D468F52-34BB-4EF4-A0E2-4E4E29A89ECB}.Release|x64.ActiveCfg = Release|Any CPU
		{7D468F52-34BB-4EF4-A0E2-4E4E29A89ECB}.Release|x64.Build.0 = Release|Any CPU
		{7D468F52-34BB-4EF4-A0E2-4E4E29A89ECB}.Release|x86.ActiveCfg = Release|Any CPU
		{7D468F52-34BB-4EF4-A0E2-4E4E29A89ECB}.Release|x86.Build.0 = Release|Any CPU
		{5DF87787-E775-48C7-80F6-B5477CB10199}.Debug|Any CPU.ActiveCfg = Debug|Any CPU
		{5DF87787-E775-48C7-80F6-B5477CB10199}.Debug|Any CPU.Build.0 = Debug|Any CPU
		{5DF87787-E775-48C7-80F6-B5477CB10199}.Debug|x64.ActiveCfg = Debug|Any CPU
		{5DF87787-E775-48C7-80F6-B5477CB10199}.Debug|x64.Build.0 = Debug|Any CPU
		{5DF87787-E775-48C7-80F6-B5477CB10199}.Debug|x86.ActiveCfg = Debug|Any CPU
		{5DF87787-E775-48C7-80F6-B5477CB10199}.Debug|x86.Build.0 = Debug|Any CPU
		{5DF87787-E775-48C7-80F6-B5477CB10199}.Release|Any CPU.ActiveCfg = Release|Any CPU
		{5DF87787-E775-48C7-80F6-B5477CB10199}.Release|Any CPU.Build.0 = Release|Any CPU
		{5DF87787-E775-48C7-80F6-B5477CB10199}.Release|x64.ActiveCfg = Release|Any CPU
		{5DF87787-E775-48C7-80F6-B5477CB10199}.Release|x64.Build.0 = Release|Any CPU
		{5DF87787-E775-48C7-80F6-B5477CB10199}.Release|x86.ActiveCfg = Release|Any CPU
		{5DF87787-E775-48C7-80F6-B5477CB10199}.Release|x86.Build.0 = Release|Any CPU
		{0383CDBC-827A-43ED-90EC-CC73E6F901AE}.Debug|Any CPU.ActiveCfg = Debug|Any CPU
		{0383CDBC-827A-43ED-90EC-CC73E6F901AE}.Debug|Any CPU.Build.0 = Debug|Any CPU
		{0383CDBC-827A-43ED-90EC-CC73E6F901AE}.Debug|x64.ActiveCfg = Debug|Any CPU
		{0383CDBC-827A-43ED-90EC-CC73E6F901AE}.Debug|x64.Build.0 = Debug|Any CPU
		{0383CDBC-827A-43ED-90EC-CC73E6F901AE}.Debug|x86.ActiveCfg = Debug|Any CPU
		{0383CDBC-827A-43ED-90EC-CC73E6F901AE}.Debug|x86.Build.0 = Debug|Any CPU
		{0383CDBC-827A-43ED-90EC-CC73E6F901AE}.Release|Any CPU.ActiveCfg = Release|Any CPU
		{0383CDBC-827A-43ED-90EC-CC73E6F901AE}.Release|Any CPU.Build.0 = Release|Any CPU
		{0383CDBC-827A-43ED-90EC-CC73E6F901AE}.Release|x64.ActiveCfg = Release|Any CPU
		{0383CDBC-827A-43ED-90EC-CC73E6F901AE}.Release|x64.Build.0 = Release|Any CPU
		{0383CDBC-827A-43ED-90EC-CC73E6F901AE}.Release|x86.ActiveCfg = Release|Any CPU
		{0383CDBC-827A-43ED-90EC-CC73E6F901AE}.Release|x86.Build.0 = Release|Any CPU
		{6019EBFE-FAAA-42E9-90A0-E2EFCDD18438}.Debug|Any CPU.ActiveCfg = Debug|Any CPU
		{6019EBFE-FAAA-42E9-90A0-E2EFCDD18438}.Debug|Any CPU.Build.0 = Debug|Any CPU
		{6019EBFE-FAAA-42E9-90A0-E2EFCDD18438}.Debug|x64.ActiveCfg = Debug|Any CPU
		{6019EBFE-FAAA-42E9-90A0-E2EFCDD18438}.Debug|x64.Build.0 = Debug|Any CPU
		{6019EBFE-FAAA-42E9-90A0-E2EFCDD18438}.Debug|x86.ActiveCfg = Debug|Any CPU
		{6019EBFE-FAAA-42E9-90A0-E2EFCDD18438}.Debug|x86.Build.0 = Debug|Any CPU
		{6019EBFE-FAAA-42E9-90A0-E2EFCDD18438}.Release|Any CPU.ActiveCfg = Release|Any CPU
		{6019EBFE-FAAA-42E9-90A0-E2EFCDD18438}.Release|Any CPU.Build.0 = Release|Any CPU
		{6019EBFE-FAAA-42E9-90A0-E2EFCDD18438}.Release|x64.ActiveCfg = Release|Any CPU
		{6019EBFE-FAAA-42E9-90A0-E2EFCDD18438}.Release|x64.Build.0 = Release|Any CPU
		{6019EBFE-FAAA-42E9-90A0-E2EFCDD18438}.Release|x86.ActiveCfg = Release|Any CPU
		{6019EBFE-FAAA-42E9-90A0-E2EFCDD18438}.Release|x86.Build.0 = Release|Any CPU
		{0699CD6D-185C-424B-80BF-5629EB1ED233}.Debug|Any CPU.ActiveCfg = Debug|Any CPU
		{0699CD6D-185C-424B-80BF-5629EB1ED233}.Debug|Any CPU.Build.0 = Debug|Any CPU
		{0699CD6D-185C-424B-80BF-5629EB1ED233}.Debug|x64.ActiveCfg = Debug|Any CPU
		{0699CD6D-185C-424B-80BF-5629EB1ED233}.Debug|x64.Build.0 = Debug|Any CPU
		{0699CD6D-185C-424B-80BF-5629EB1ED233}.Debug|x86.ActiveCfg = Debug|Any CPU
		{0699CD6D-185C-424B-80BF-5629EB1ED233}.Debug|x86.Build.0 = Debug|Any CPU
		{0699CD6D-185C-424B-80BF-5629EB1ED233}.Release|Any CPU.ActiveCfg = Release|Any CPU
		{0699CD6D-185C-424B-80BF-5629EB1ED233}.Release|Any CPU.Build.0 = Release|Any CPU
		{0699CD6D-185C-424B-80BF-5629EB1ED233}.Release|x64.ActiveCfg = Release|Any CPU
		{0699CD6D-185C-424B-80BF-5629EB1ED233}.Release|x64.Build.0 = Release|Any CPU
		{0699CD6D-185C-424B-80BF-5629EB1ED233}.Release|x86.ActiveCfg = Release|Any CPU
		{0699CD6D-185C-424B-80BF-5629EB1ED233}.Release|x86.Build.0 = Release|Any CPU
		{432FDDA0-2F6B-4EB9-8F97-03E7CD296DE4}.Debug|Any CPU.ActiveCfg = Debug|Any CPU
		{432FDDA0-2F6B-4EB9-8F97-03E7CD296DE4}.Debug|Any CPU.Build.0 = Debug|Any CPU
		{432FDDA0-2F6B-4EB9-8F97-03E7CD296DE4}.Debug|x64.ActiveCfg = Debug|Any CPU
		{432FDDA0-2F6B-4EB9-8F97-03E7CD296DE4}.Debug|x64.Build.0 = Debug|Any CPU
		{432FDDA0-2F6B-4EB9-8F97-03E7CD296DE4}.Debug|x86.ActiveCfg = Debug|Any CPU
		{432FDDA0-2F6B-4EB9-8F97-03E7CD296DE4}.Debug|x86.Build.0 = Debug|Any CPU
		{432FDDA0-2F6B-4EB9-8F97-03E7CD296DE4}.Release|Any CPU.ActiveCfg = Release|Any CPU
		{432FDDA0-2F6B-4EB9-8F97-03E7CD296DE4}.Release|Any CPU.Build.0 = Release|Any CPU
		{432FDDA0-2F6B-4EB9-8F97-03E7CD296DE4}.Release|x64.ActiveCfg = Release|Any CPU
		{432FDDA0-2F6B-4EB9-8F97-03E7CD296DE4}.Release|x64.Build.0 = Release|Any CPU
		{432FDDA0-2F6B-4EB9-8F97-03E7CD296DE4}.Release|x86.ActiveCfg = Release|Any CPU
		{432FDDA0-2F6B-4EB9-8F97-03E7CD296DE4}.Release|x86.Build.0 = Release|Any CPU
		{A76E7095-9088-480E-93F7-BFAFBABECF2F}.Debug|Any CPU.ActiveCfg = Debug|Any CPU
		{A76E7095-9088-480E-93F7-BFAFBABECF2F}.Debug|Any CPU.Build.0 = Debug|Any CPU
		{A76E7095-9088-480E-93F7-BFAFBABECF2F}.Debug|x64.ActiveCfg = Debug|Any CPU
		{A76E7095-9088-480E-93F7-BFAFBABECF2F}.Debug|x64.Build.0 = Debug|Any CPU
		{A76E7095-9088-480E-93F7-BFAFBABECF2F}.Debug|x86.ActiveCfg = Debug|Any CPU
		{A76E7095-9088-480E-93F7-BFAFBABECF2F}.Debug|x86.Build.0 = Debug|Any CPU
		{A76E7095-9088-480E-93F7-BFAFBABECF2F}.Release|Any CPU.ActiveCfg = Release|Any CPU
		{A76E7095-9088-480E-93F7-BFAFBABECF2F}.Release|Any CPU.Build.0 = Release|Any CPU
		{A76E7095-9088-480E-93F7-BFAFBABECF2F}.Release|x64.ActiveCfg = Release|Any CPU
		{A76E7095-9088-480E-93F7-BFAFBABECF2F}.Release|x64.Build.0 = Release|Any CPU
		{A76E7095-9088-480E-93F7-BFAFBABECF2F}.Release|x86.ActiveCfg = Release|Any CPU
		{A76E7095-9088-480E-93F7-BFAFBABECF2F}.Release|x86.Build.0 = Release|Any CPU
		{7E49A166-59CA-4536-B4A2-EAD10D08E8C2}.Debug|Any CPU.ActiveCfg = Debug|Any CPU
		{7E49A166-59CA-4536-B4A2-EAD10D08E8C2}.Debug|Any CPU.Build.0 = Debug|Any CPU
		{7E49A166-59CA-4536-B4A2-EAD10D08E8C2}.Debug|x64.ActiveCfg = Debug|Any CPU
		{7E49A166-59CA-4536-B4A2-EAD10D08E8C2}.Debug|x64.Build.0 = Debug|Any CPU
		{7E49A166-59CA-4536-B4A2-EAD10D08E8C2}.Debug|x86.ActiveCfg = Debug|Any CPU
		{7E49A166-59CA-4536-B4A2-EAD10D08E8C2}.Debug|x86.Build.0 = Debug|Any CPU
		{7E49A166-59CA-4536-B4A2-EAD10D08E8C2}.Release|Any CPU.ActiveCfg = Release|Any CPU
		{7E49A166-59CA-4536-B4A2-EAD10D08E8C2}.Release|Any CPU.Build.0 = Release|Any CPU
		{7E49A166-59CA-4536-B4A2-EAD10D08E8C2}.Release|x64.ActiveCfg = Release|Any CPU
		{7E49A166-59CA-4536-B4A2-EAD10D08E8C2}.Release|x64.Build.0 = Release|Any CPU
		{7E49A166-59CA-4536-B4A2-EAD10D08E8C2}.Release|x86.ActiveCfg = Release|Any CPU
		{7E49A166-59CA-4536-B4A2-EAD10D08E8C2}.Release|x86.Build.0 = Release|Any CPU
	EndGlobalSection
	GlobalSection(SolutionProperties) = preSolution
		HideSolutionNode = FALSE
	EndGlobalSection
	GlobalSection(NestedProjects) = preSolution
		{830452BA-79FB-491E-BA76-B11E046F2FF8} = {827E0CD3-B72D-47B6-A68D-7590B98EB39B}
		{7D468F52-34BB-4EF4-A0E2-4E4E29A89ECB} = {827E0CD3-B72D-47B6-A68D-7590B98EB39B}
		{5DF87787-E775-48C7-80F6-B5477CB10199} = {827E0CD3-B72D-47B6-A68D-7590B98EB39B}
		{0383CDBC-827A-43ED-90EC-CC73E6F901AE} = {827E0CD3-B72D-47B6-A68D-7590B98EB39B}
		{6019EBFE-FAAA-42E9-90A0-E2EFCDD18438} = {0AB3BF05-4346-4AA6-1389-037BE0695223}
		{0699CD6D-185C-424B-80BF-5629EB1ED233} = {0AB3BF05-4346-4AA6-1389-037BE0695223}
		{432FDDA0-2F6B-4EB9-8F97-03E7CD296DE4} = {0AB3BF05-4346-4AA6-1389-037BE0695223}
		{A76E7095-9088-480E-93F7-BFAFBABECF2F} = {0AB3BF05-4346-4AA6-1389-037BE0695223}
		{7E49A166-59CA-4536-B4A2-EAD10D08E8C2} = {07C2787E-EAC7-C090-1BA3-A61EC2A24D84}
	EndGlobalSection
EndGlobal
